
Microsoft Visual Studio Solution File, Format Version 11.00
# Visual Studio 2010
Project("{FAE04EC0-301F-11D3-BF4B-00C04F79EFBC}") = "b", "b\b.csproj", "{61A3101F-EDB4-4C4B-A17E-78E41419CF2D}"
EndProject
Global
	GlobalSection(SolutionConfigurationPlatforms) = preSolution
		Debug|x86 = Debug|x86
		Release|x86 = Release|x86
	EndGlobalSection
	GlobalSection(ProjectConfigurationPlatforms) = postSolution
		{61A3101F-EDB4-4C4B-A17E-78E41419CF2D}.Debug|x86.ActiveCfg = Debug|x86
		{61A3101F-EDB4-4C4B-A17E-78E41419CF2D}.Debug|x86.Build.0 = Debug|x86
		{61A3101F-EDB4-4C4B-A17E-78E41419CF2D}.Release|x86.ActiveCfg = Release|x86
		{61A3101F-EDB4-4C4B-A17E-78E41419CF2D}.Release|x86.Build.0 = Release|x86
	EndGlobalSection
	GlobalSection(MonoDevelopProperties) = preSolution
		StartupItem = b\b.csproj
	EndGlobalSection
EndGlobal
