
Microsoft Visual Studio Solution File, Format Version 11.00
# Visual Studio 2010
Project("{FAE04EC0-301F-11D3-BF4B-00C04F79EFBC}") = "forms", "forms\forms.csproj", "{2E873C47-31D5-4E2E-ADA0-26482D02B3B4}"
EndProject
Global
	GlobalSection(SolutionConfigurationPlatforms) = preSolution
		Debug|x86 = Debug|x86
		Release|x86 = Release|x86
	EndGlobalSection
	GlobalSection(ProjectConfigurationPlatforms) = postSolution
		{2E873C47-31D5-4E2E-ADA0-26482D02B3B4}.Debug|x86.ActiveCfg = Debug|x86
		{2E873C47-31D5-4E2E-ADA0-26482D02B3B4}.Debug|x86.Build.0 = Debug|x86
		{2E873C47-31D5-4E2E-ADA0-26482D02B3B4}.Release|x86.ActiveCfg = Release|x86
		{2E873C47-31D5-4E2E-ADA0-26482D02B3B4}.Release|x86.Build.0 = Release|x86
	EndGlobalSection
	GlobalSection(MonoDevelopProperties) = preSolution
		StartupItem = forms\forms.csproj
	EndGlobalSection
EndGlobal
